dependencies:
- name: main-service
  repository: file://../main-service
  version: 0.0.1
- name: tsn-service
  repository: file://../tsn-service
  version: 0.0.1
- name: monitor-service
  repository: file://../monitor-service
  version: 0.0.0
- name: onos-config
  repository: file://../onos-config
  version: 1.5.5
- name: onos-topo
  repository: file://../onos-topo
  version: 1.2.1
- name: gnmi-netconf-adapter
  repository: file://../gnmi-netconf-adapter
  version: 0.0.1
- name: tsn-model
  repository: file://../tsn-model
  version: 1.0.5
- name: b-and-r-model
  repository: file://../b-and-r-model
  version: 1.0.0
digest: sha256:0b68628d521e0a69ddaf1f91296787ff62baef345f42577c7fdafdc97d07d3ae
generated: "2022-10-20T14:56:38.4371201+02:00"
